
Microsoft Visual Studio Solution File, Format Version 12.00
# Visual Studio Version 17
VisualStudioVersion = 17.4.33122.133
MinimumVisualStudioVersion = 10.0.40219.1
Project("{FAE04EC0-301F-11D3-BF4B-00C04F79EFBC}") = "QueueFiles.DAL", "QueueFiles.DAL\QueueFiles.DAL.csproj", "{FF1557E6-6165-4D30-BA9C-DEB691D31296}"
EndProject
Project("{FAE04EC0-301F-11D3-BF4B-00C04F79EFBC}") = "QueueFiles.MODEL", "QueueFiles.MODEL\QueueFiles.MODEL.csproj", "{0F173E9B-06D4-4F1F-8669-F53529253EF3}"
EndProject
Project("{FAE04EC0-301F-11D3-BF4B-00C04F79EFBC}") = "QueueFiles.Entities", "QueueFiles.Entities\QueueFiles.Entities.csproj", "{26613D7E-4434-4525-A1EE-EECA8260D982}"
EndProject
Project("{FAE04EC0-301F-11D3-BF4B-00C04F79EFBC}") = "QueueFiles.UI", "QueueFiles.UI\QueueFiles.UI.csproj", "{F50C1330-CD8E-44CD-B273-458126AA4F72}"
EndProject
Project("{FAE04EC0-301F-11D3-BF4B-00C04F79EFBC}") = "QueueFiles.MicroServer", "FunctionApp1\QueueFiles.MicroServer.csproj", "{1201DAEE-0DCA-41E5-9601-80D67FB7E591}"
EndProject
Global
	GlobalSection(SolutionConfigurationPlatforms) = preSolution
		Debug|Any CPU = Debug|Any CPU
		Release|Any CPU = Release|Any CPU
	EndGlobalSection
	GlobalSection(ProjectConfigurationPlatforms) = postSolution
		{FF1557E6-6165-4D30-BA9C-DEB691D31296}.Debug|Any CPU.ActiveCfg = Debug|Any CPU
		{FF1557E6-6165-4D30-BA9C-DEB691D31296}.Debug|Any CPU.Build.0 = Debug|Any CPU
		{FF1557E6-6165-4D30-BA9C-DEB691D31296}.Release|Any CPU.ActiveCfg = Release|Any CPU
		{FF1557E6-6165-4D30-BA9C-DEB691D31296}.Release|Any CPU.Build.0 = Release|Any CPU
		{0F173E9B-06D4-4F1F-8669-F53529253EF3}.Debug|Any CPU.ActiveCfg = Debug|Any CPU
		{0F173E9B-06D4-4F1F-8669-F53529253EF3}.Debug|Any CPU.Build.0 = Debug|Any CPU
		{0F173E9B-06D4-4F1F-8669-F53529253EF3}.Release|Any CPU.ActiveCfg = Release|Any CPU
		{0F173E9B-06D4-4F1F-8669-F53529253EF3}.Release|Any CPU.Build.0 = Release|Any CPU
		{26613D7E-4434-4525-A1EE-EECA8260D982}.Debug|Any CPU.ActiveCfg = Debug|Any CPU
		{26613D7E-4434-4525-A1EE-EECA8260D982}.Debug|Any CPU.Build.0 = Debug|Any CPU
		{26613D7E-4434-4525-A1EE-EECA8260D982}.Release|Any CPU.ActiveCfg = Release|Any CPU
		{26613D7E-4434-4525-A1EE-EECA8260D982}.Release|Any CPU.Build.0 = Release|Any CPU
		{F50C1330-CD8E-44CD-B273-458126AA4F72}.Debug|Any CPU.ActiveCfg = Debug|Any CPU
		{F50C1330-CD8E-44CD-B273-458126AA4F72}.Debug|Any CPU.Build.0 = Debug|Any CPU
		{F50C1330-CD8E-44CD-B273-458126AA4F72}.Release|Any CPU.ActiveCfg = Release|Any CPU
		{F50C1330-CD8E-44CD-B273-458126AA4F72}.Release|Any CPU.Build.0 = Release|Any CPU
		{1201DAEE-0DCA-41E5-9601-80D67FB7E591}.Debug|Any CPU.ActiveCfg = Debug|Any CPU
		{1201DAEE-0DCA-41E5-9601-80D67FB7E591}.Debug|Any CPU.Build.0 = Debug|Any CPU
		{1201DAEE-0DCA-41E5-9601-80D67FB7E591}.Release|Any CPU.ActiveCfg = Release|Any CPU
		{1201DAEE-0DCA-41E5-9601-80D67FB7E591}.Release|Any CPU.Build.0 = Release|Any CPU
	EndGlobalSection
	GlobalSection(SolutionProperties) = preSolution
		HideSolutionNode = FALSE
	EndGlobalSection
	GlobalSection(ExtensibilityGlobals) = postSolution
		SolutionGuid = {6DD313E9-BBD1-468E-B7ED-E1736E9DBF1F}
	EndGlobalSection
EndGlobal
